
Microsoft Visual Studio Solution File, Format Version 12.00
# Visual Studio Version 16
VisualStudioVersion = 16.0.30717.126
MinimumVisualStudioVersion = 10.0.40219.1
Project("{FAE04EC0-301F-11D3-BF4B-00C04F79EFBC}") = "Lab01-ex1", "Lab01\Lab01-ex1.csproj", "{DDE50E30-75CC-4523-BEAA-6F4EDB443E2D}"
EndProject
Global
	GlobalSection(SolutionConfigurationPlatforms) = preSolution
		Debug|Any CPU = Debug|Any CPU
		Release|Any CPU = Release|Any CPU
	EndGlobalSection
	GlobalSection(ProjectConfigurationPlatforms) = postSolution
		{DDE50E30-75CC-4523-BEAA-6F4EDB443E2D}.Debug|Any CPU.ActiveCfg = Debug|Any CPU
		{DDE50E30-75CC-4523-BEAA-6F4EDB443E2D}.Debug|Any CPU.Build.0 = Debug|Any CPU
		{DDE50E30-75CC-4523-BEAA-6F4EDB443E2D}.Release|Any CPU.ActiveCfg = Release|Any CPU
		{DDE50E30-75CC-4523-BEAA-6F4EDB443E2D}.Release|Any CPU.Build.0 = Release|Any CPU
	EndGlobalSection
	GlobalSection(SolutionProperties) = preSolution
		HideSolutionNode = FALSE
	EndGlobalSection
	GlobalSection(ExtensibilityGlobals) = postSolution
		SolutionGuid = {EE7BE81C-34FE-4748-AA36-72B4A3C2B706}
	EndGlobalSection
EndGlobal
